// !$*UTF8*$!
{
	archiveVersion = 1;
	classes = {
	};
	objectVersion = 77;
	objects = {

/* Begin PBXBuildFile section */
		B41316BA2EBB2FB2003DE979 /* DevTools in Frameworks */ = {isa = PBXBuildFile; productRef = B41316B92EBB2FB2003DE979 /* DevTools */; };
/* End PBXBuildFile section */

/* Begin PBXContainerItemProxy section */
		B413169C2EBB2EEA003DE979 /* PBXContainerItemProxy */ = {
			isa = PBXContainerItemProxy;
			containerPortal = B41316842EBB2EE9003DE979 /* Project object */;
			proxyType = 1;
			remoteGlobalIDString = B413168B2EBB2EE9003DE979;
			remoteInfo = HealthKitExport_Experiment;
		};
		B41316A62EBB2EEA003DE979 /* PBXContainerItemProxy */ = {
			isa = PBXContainerItemProxy;
			containerPortal = B41316842EBB2EE9003DE979 /* Project object */;
			proxyType = 1;
			remoteGlobalIDString = B413168B2EBB2EE9003DE979;
			remoteInfo = HealthKitExport_Experiment;
		};
/* End PBXContainerItemProxy section */

/* Begin PBXFileReference section */
		B413168C2EBB2EE9003DE979 /* HealthKitExport_Experiment.app */ = {isa = PBXFileReference; explicitFileType = wrapper.application; includeInIndex = 0; path = HealthKitExport_Experiment.app; sourceTree = BUILT_PRODUCTS_DIR; };
		B413169B2EBB2EEA003DE979 /* HealthKitExport_ExperimentTests.xctest */ = {isa = PBXFileReference; explicitFileType = wrapper.cfbundle; includeInIndex = 0; path = HealthKitExport_ExperimentTests.xctest; sourceTree = BUILT_PRODUCTS_DIR; };
		B41316A52EBB2EEA003DE979 /* HealthKitExport_ExperimentUITests.xctest */ = {isa = PBXFileReference; explicitFileType = wrapper.cfbundle; includeInIndex = 0; path = HealthKitExport_ExperimentUITests.xctest; sourceTree = BUILT_PRODUCTS_DIR; };
/* End PBXFileReference section */

/* Begin PBXFileSystemSynchronizedRootGroup section */
		B413168E2EBB2EE9003DE979 /* HealthKitExport_Experiment */ = {
			isa = PBXFileSystemSynchronizedRootGroup;
			path = HealthKitExport_Experiment;
			sourceTree = "<group>";
		};
/* End PBXFileSystemSynchronizedRootGroup section */

/* Begin PBXFrameworksBuildPhase section */
		B41316892EBB2EE9003DE979 /* Frameworks */ = {
			isa = PBXFrameworksBuildPhase;
			buildActionMask = 2147483647;
			files = (
				B41316BA2EBB2FB2003DE979 /* DevTools in Frameworks */,
			);
			runOnlyForDeploymentPostprocessing = 0;
		};
		B41316982EBB2EEA003DE979 /* Frameworks */ = {
			isa = PBXFrameworksBuildPhase;
			buildActionMask = 2147483647;
			files = (
			);
			runOnlyForDeploymentPostprocessing = 0;
		};
		B41316A22EBB2EEA003DE979 /* Frameworks */ = {
			isa = PBXFrameworksBuildPhase;
			buildActionMask = 2147483647;
			files = (
			);
			runOnlyForDeploymentPostprocessing = 0;
		};
/* End PBXFrameworksBuildPhase section */

/* Begin PBXGroup section */
		B41316832EBB2EE9003DE979 = {
			isa = PBXGroup;
			children = (
				B413168E2EBB2EE9003DE979 /* HealthKitExport_Experiment */,
				B413168D2EBB2EE9003DE979 /* Products */,
			);
			sourceTree = "<group>";
		};
		B413168D2EBB2EE9003DE979 /* Products */ = {
			isa = PBXGroup;
			children = (
				B413168C2EBB2EE9003DE979 /* HealthKitExport_Experiment.app */,
				B413169B2EBB2EEA003DE979 /* HealthKitExport_ExperimentTests.xctest */,
				B41316A52EBB2EEA003DE979 /* HealthKitExport_ExperimentUITests.xctest */,
			);
			name = Products;
			sourceTree = "<group>";
		};
/* End PBXGroup section */

/* Begin PBXNativeTarget section */
		B413168B2EBB2EE9003DE979 /* HealthKitExport_Experiment */ = {
			isa = PBXNativeTarget;
			buildConfigurationList = B41316AF2EBB2EEA003DE979 /* Build configuration list for PBXNativeTarget "HealthKitExport_Experiment" */;
			buildPhases = (
				B41316882EBB2EE9003DE979 /* Sources */,
				B41316892EBB2EE9003DE979 /* Frameworks */,
				B413168A2EBB2EE9003DE979 /* Resources */,
			);
			buildRules = (
			);
			dependencies = (
			);
			fileSystemSynchronizedGroups = (
				B413168E2EBB2EE9003DE979 /* HealthKitExport_Experiment */,
			);
			name = HealthKitExport_Experiment;
			packageProductDependencies = (
				B41316B92EBB2FB2003DE979 /* DevTools */,
			);
			productName = HealthKitExport_Experiment;
			productReference = B413168C2EBB2EE9003DE979 /* HealthKitExport_Experiment.app */;
			productType = "com.apple.product-type.application";
		};
		B413169A2EBB2EEA003DE979 /* HealthKitExport_ExperimentTests */ = {
			isa = PBXNativeTarget;
			buildConfigurationList = B41316B22EBB2EEA003DE979 /* Build configuration list for PBXNativeTarget "HealthKitExport_ExperimentTests" */;
			buildPhases = (
				B41316972EBB2EEA003DE979 /* Sources */,
				B41316982EBB2EEA003DE979 /* Frameworks */,
				B41316992EBB2EEA003DE979 /* Resources */,
			);
			buildRules = (
			);
			dependencies = (
				B413169D2EBB2EEA003DE979 /* PBXTargetDependency */,
			);
			name = HealthKitExport_ExperimentTests;
			packageProductDependencies = (
			);
			productName = HealthKitExport_ExperimentTests;
			productReference = B413169B2EBB2EEA003DE979 /* HealthKitExport_ExperimentTests.xctest */;
			productType = "com.apple.product-type.bundle.unit-test";
		};
		B41316A42EBB2EEA003DE979 /* HealthKitExport_ExperimentUITests */ = {
			isa = PBXNativeTarget;
			buildConfigurationList = B41316B52EBB2EEA003DE979 /* Build configuration list for PBXNativeTarget "HealthKitExport_ExperimentUITests" */;
			buildPhases = (
				B41316A12EBB2EEA003DE979 /* Sources */,
				B41316A22EBB2EEA003DE979 /* Frameworks */,
				B41316A32EBB2EEA003DE979 /* Resources */,
			);
			buildRules = (
			);
			dependencies = (
				B41316A72EBB2EEA003DE979 /* PBXTargetDependency */,
			);
			name = HealthKitExport_ExperimentUITests;
			packageProductDependencies = (
			);
			productName = HealthKitExport_ExperimentUITests;
			productReference = B41316A52EBB2EEA003DE979 /* HealthKitExport_ExperimentUITests.xctest */;
			productType = "com.apple.product-type.bundle.ui-testing";
		};
/* End PBXNativeTarget section */

/* Begin PBXProject section */
		B41316842EBB2EE9003DE979 /* Project object */ = {
			isa = PBXProject;
			attributes = {
				BuildIndependentTargetsInParallel = 1;
				LastSwiftUpdateCheck = 2610;
				LastUpgradeCheck = 2610;
				TargetAttributes = {
					B413168B2EBB2EE9003DE979 = {
						CreatedOnToolsVersion = 26.1;
					};
					B413169A2EBB2EEA003DE979 = {
						CreatedOnToolsVersion = 26.1;
						TestTargetID = B413168B2EBB2EE9003DE979;
					};
					B41316A42EBB2EEA003DE979 = {
						CreatedOnToolsVersion = 26.1;
						TestTargetID = B413168B2EBB2EE9003DE979;
					};
				};
			};
			buildConfigurationList = B41316872EBB2EE9003DE979 /* Build configuration list for PBXProject "HealthKitExport_Experiment" */;
			developmentRegion = en;
			hasScannedForEncodings = 0;
			knownRegions = (
				en,
				Base,
			);
			mainGroup = B41316832EBB2EE9003DE979;
			minimizedProjectReferenceProxies = 1;
			packageReferences = (
				B41316B82EBB2FB2003DE979 /* XCRemoteSwiftPackageReference "SwiftDevTools" */,
			);
			preferredProjectObjectVersion = 77;
			productRefGroup = B413168D2EBB2EE9003DE979 /* Products */;
			projectDirPath = "";
			projectRoot = "";
			targets = (
				B413168B2EBB2EE9003DE979 /* HealthKitExport_Experiment */,
				B413169A2EBB2EEA003DE979 /* HealthKitExport_ExperimentTests */,
				B41316A42EBB2EEA003DE979 /* HealthKitExport_ExperimentUITests */,
			);
		};
/* End PBXProject section */

/* Begin PBXResourcesBuildPhase section */
		B413168A2EBB2EE9003DE979 /* Resources */ = {
			isa = PBXResourcesBuildPhase;
			buildActionMask = 2147483647;
			files = (
			);
			runOnlyForDeploymentPostprocessing = 0;
		};
		B41316992EBB2EEA003DE979 /* Resources */ = {
			isa = PBXResourcesBuildPhase;
			buildActionMask = 2147483647;
			files = (
			);
			runOnlyForDeploymentPostprocessing = 0;
		};
		B41316A32EBB2EEA003DE979 /* Resources */ = {
			isa = PBXResourcesBuildPhase;
			buildActionMask = 2147483647;
			files = (
			);
			runOnlyForDeploymentPostprocessing = 0;
		};
/* End PBXResourcesBuildPhase section */

/* Begin PBXSourcesBuildPhase section */
		B41316882EBB2EE9003DE979 /* Sources */ = {
			isa = PBXSourcesBuildPhase;
			buildActionMask = 2147483647;
			files = (
			);
			runOnlyForDeploymentPostprocessing = 0;
		};
		B41316972EBB2EEA003DE979 /* Sources */ = {
			isa = PBXSourcesBuildPhase;
			buildActionMask = 2147483647;
			files = (
			);
			runOnlyForDeploymentPostprocessing = 0;
		};
		B41316A12EBB2EEA003DE979 /* Sources */ = {
			isa = PBXSourcesBuildPhase;
			buildActionMask = 2147483647;
			files = (
			);
			runOnlyForDeploymentPostprocessing = 0;
		};
/* End PBXSourcesBuildPhase section */

/* Begin PBXTargetDependency section */
		B413169D2EBB2EEA003DE979 /* PBXTargetDependency */ = {
			isa = PBXTargetDependency;
			target = B413168B2EBB2EE9003DE979 /* HealthKitExport_Experiment */;
			targetProxy = B413169C2EBB2EEA003DE979 /* PBXContainerItemProxy */;
		};
		B41316A72EBB2EEA003DE979 /* PBXTargetDependency */ = {
			isa = PBXTargetDependency;
			target = B413168B2EBB2EE9003DE979 /* HealthKitExport_Experiment */;
			targetProxy = B41316A62EBB2EEA003DE979 /* PBXContainerItemProxy */;
		};
/* End PBXTargetDependency section */

/* Begin XCBuildConfiguration section */
		B41316AD2EBB2EEA003DE979 /* Debug */ = {
			isa = XCBuildConfiguration;
			buildSettings = {
				ALWAYS_SEARCH_USER_PATHS = NO;
				ASSETCATALOG_COMPILER_GENERATE_SWIFT_ASSET_SYMBOL_EXTENSIONS = YES;
				CLANG_ANALYZER_NONNULL = YES;
				CLANG_ANALYZER_NUMBER_OBJECT_CONVERSION = YES_AGGRESSIVE;
				CLANG_CXX_LANGUAGE_STANDARD = "gnu++20";
				CLANG_ENABLE_MODULES = YES;
				CLANG_ENABLE_OBJC_ARC = YES;
				CLANG_ENABLE_OBJC_WEAK = YES;
				CLANG_WARN_BLOCK_CAPTURE_AUTORELEASING = YES;
				CLANG_WARN_BOOL_CONVERSION = YES;
				CLANG_WARN_COMMA = YES;
				CLANG_WARN_CONSTANT_CONVERSION = YES;
				CLANG_WARN_DEPRECATED_OBJC_IMPLEMENTATIONS = YES;
				CLANG_WARN_DIRECT_OBJC_ISA_USAGE = YES_ERROR;
				CLANG_WARN_DOCUMENTATION_COMMENTS = YES;
				CLANG_WARN_EMPTY_BODY = YES;
				CLANG_WARN_ENUM_CONVERSION = YES;
				CLANG_WARN_INFINITE_RECURSION = YES;
				CLANG_WARN_INT_CONVERSION = YES;
				CLANG_WARN_NON_LITERAL_NULL_CONVERSION = YES;
				CLANG_WARN_OBJC_IMPLICIT_RETAIN_SELF = YES;
				CLANG_WARN_OBJC_LITERAL_CONVERSION = YES;
				CLANG_WARN_OBJC_ROOT_CLASS = YES_ERROR;
				CLANG_WARN_QUOTED_INCLUDE_IN_FRAMEWORK_HEADER = YES;
				CLANG_WARN_RANGE_LOOP_ANALYSIS = YES;
				CLANG_WARN_STRICT_PROTOTYPES = YES;
				CLANG_WARN_SUSPICIOUS_MOVE = YES;
				CLANG_WARN_UNGUARDED_AVAILABILITY = YES_AGGRESSIVE;
				CLANG_WARN_UNREACHABLE_CODE = YES;
				CLANG_WARN__DUPLICATE_METHOD_MATCH = YES;
				COPY_PHASE_STRIP = NO;
				DEBUG_INFORMATION_FORMAT = dwarf;
				DEVELOPMENT_TEAM = 8HM2FV529D;
				ENABLE_STRICT_OBJC_MSGSEND = YES;
				ENABLE_TESTABILITY = YES;
				ENABLE_USER_SCRIPT_SANDBOXING = YES;
				GCC_C_LANGUAGE_STANDARD = gnu17;
				GCC_DYNAMIC_NO_PIC = NO;
				GCC_NO_COMMON_BLOCKS = YES;
				GCC_OPTIMIZATION_LEVEL = 0;
				GCC_PREPROCESSOR_DEFINITIONS = (
					"DEBUG=1",
					"$(inherited)",
				);
				GCC_WARN_64_TO_32_BIT_CONVERSION = YES;
				GCC_WARN_ABOUT_RETURN_TYPE = YES_ERROR;
				GCC_WARN_UNDECLARED_SELECTOR = YES;
				GCC_WARN_UNINITIALIZED_AUTOS = YES_AGGRESSIVE;
				GCC_WARN_UNUSED_FUNCTION = YES;
				GCC_WARN_UNUSED_VARIABLE = YES;
				IPHONEOS_DEPLOYMENT_TARGET = 26.1;
				LOCALIZATION_PREFERS_STRING_CATALOGS = YES;
				MTL_ENABLE_DEBUG_INFO = INCLUDE_SOURCE;
				MTL_FAST_MATH = YES;
				ONLY_ACTIVE_ARCH = YES;
				SDKROOT = iphoneos;
				SWIFT_ACTIVE_COMPILATION_CONDITIONS = "DEBUG $(inherited)";
				SWIFT_OPTIMIZATION_LEVEL = "-Onone";
			};
			name = Debug;
		};
		B41316AE2EBB2EEA003DE979 /* Release */ = {
			isa = XCBuildConfiguration;
			buildSettings = {
				ALWAYS_SEARCH_USER_PATHS = NO;
				ASSETCATALOG_COMPILER_GENERATE_SWIFT_ASSET_SYMBOL_EXTENSIONS = YES;
				CLANG_ANALYZER_NONNULL = YES;
				CLANG_ANALYZER_NUMBER_OBJECT_CONVERSION = YES_AGGRESSIVE;
				CLANG_CXX_LANGUAGE_STANDARD = "gnu++20";
				CLANG_ENABLE_MODULES = YES;
				CLANG_ENABLE_OBJC_ARC = YES;
				CLANG_ENABLE_OBJC_WEAK = YES;
				CLANG_WARN_BLOCK_CAPTURE_AUTORELEASING = YES;
				CLANG_WARN_BOOL_CONVERSION = YES;
				CLANG_WARN_COMMA = YES;
				CLANG_WARN_CONSTANT_CONVERSION = YES;
				CLANG_WARN_DEPRECATED_OBJC_IMPLEMENTATIONS = YES;
				CLANG_WARN_DIRECT_OBJC_ISA_USAGE = YES_ERROR;
				CLANG_WARN_DOCUMENTATION_COMMENTS = YES;
				CLANG_WARN_EMPTY_BODY = YES;
				CLANG_WARN_ENUM_CONVERSION = YES;
				CLANG_WARN_INFINITE_RECURSION = YES;
				CLANG_WARN_INT_CONVERSION = YES;
				CLANG_WARN_NON_LITERAL_NULL_CONVERSION = YES;
				CLANG_WARN_OBJC_IMPLICIT_RETAIN_SELF = YES;
				CLANG_WARN_OBJC_LITERAL_CONVERSION = YES;
				CLANG_WARN_OBJC_ROOT_CLASS = YES_ERROR;
				CLANG_WARN_QUOTED_INCLUDE_IN_FRAMEWORK_HEADER = YES;
				CLANG_WARN_RANGE_LOOP_ANALYSIS = YES;
				CLANG_WARN_STRICT_PROTOTYPES = YES;
				CLANG_WARN_SUSPICIOUS_MOVE = YES;
				CLANG_WARN_UNGUARDED_AVAILABILITY = YES_AGGRESSIVE;
				CLANG_WARN_UNREACHABLE_CODE = YES;
				CLANG_WARN__DUPLICATE_METHOD_MATCH = YES;
				COPY_PHASE_STRIP = NO;
				DEBUG_INFORMATION_FORMAT = "dwarf-with-dsym";
				DEVELOPMENT_TEAM = 8HM2FV529D;
				ENABLE_NS_ASSERTIONS = NO;
				ENABLE_STRICT_OBJC_MSGSEND = YES;
				ENABLE_USER_SCRIPT_SANDBOXING = YES;
				GCC_C_LANGUAGE_STANDARD = gnu17;
				GCC_NO_COMMON_BLOCKS = YES;
				GCC_WARN_64_TO_32_BIT_CONVERSION = YES;
				GCC_WARN_ABOUT_RETURN_TYPE = YES_ERROR;
				GCC_WARN_UNDECLARED_SELECTOR = YES;
				GCC_WARN_UNINITIALIZED_AUTOS = YES_AGGRESSIVE;
				GCC_WARN_UNUSED_FUNCTION = YES;
				GCC_WARN_UNUSED_VARIABLE = YES;
				IPHONEOS_DEPLOYMENT_TARGET = 26.1;
				LOCALIZATION_PREFERS_STRING_CATALOGS = YES;
				MTL_ENABLE_DEBUG_INFO = NO;
				MTL_FAST_MATH = YES;
				SDKROOT = iphoneos;
				SWIFT_COMPILATION_MODE = wholemodule;
				VALIDATE_PRODUCT = YES;
			};
			name = Release;
		};
		B41316B02EBB2EEA003DE979 /* Debug */ = {
			isa = XCBuildConfiguration;
			buildSettings = {
				ASSETCATALOG_COMPILER_APPICON_NAME = AppIcon;
				ASSETCATALOG_COMPILER_GLOBAL_ACCENT_COLOR_NAME = AccentColor;
				CODE_SIGN_ENTITLEMENTS = HealthKitExport_Experiment/App/HealthKitExport_Experiment.entitlements;
				CODE_SIGN_STYLE = Automatic;
				CURRENT_PROJECT_VERSION = 1;
				DEVELOPMENT_TEAM = 8HM2FV529D;
				ENABLE_PREVIEWS = YES;
				GENERATE_INFOPLIST_FILE = YES;
				INFOPLIST_KEY_NSHealthShareUsageDescription = "This app wants access to your health data";
				INFOPLIST_KEY_NSHealthUpdateUsageDescription = "description health update usage";
				INFOPLIST_KEY_UIApplicationSceneManifest_Generation = YES;
				INFOPLIST_KEY_UIApplicationSupportsIndirectInputEvents = YES;
				INFOPLIST_KEY_UILaunchScreen_Generation = YES;
				INFOPLIST_KEY_UISupportedInterfaceOrientations = UIInterfaceOrientationPortrait;
				INFOPLIST_KEY_UISupportedInterfaceOrientations_iPad = "UIInterfaceOrientationLandscapeLeft UIInterfaceOrientationLandscapeRight UIInterfaceOrientationPortrait UIInterfaceOrientationPortraitUpsideDown";
				IPHONEOS_DEPLOYMENT_TARGET = 18.6;
				LD_RUNPATH_SEARCH_PATHS = (
					"$(inherited)",
					"@executable_path/Frameworks",
				);
				MARKETING_VERSION = 1.0;
				PRODUCT_BUNDLE_IDENTIFIER = "de.liehrit.HealthKitExport-Experiment";
				PRODUCT_NAME = "$(TARGET_NAME)";
				STRING_CATALOG_GENERATE_SYMBOLS = YES;
				SUPPORTED_PLATFORMS = "iphoneos iphonesimulator";
				SUPPORTS_MACCATALYST = NO;
				SUPPORTS_MAC_DESIGNED_FOR_IPHONE_IPAD = NO;
				SUPPORTS_XR_DESIGNED_FOR_IPHONE_IPAD = NO;
				SWIFT_APPROACHABLE_CONCURRENCY = YES;
				SWIFT_DEFAULT_ACTOR_ISOLATION = MainActor;
				SWIFT_EMIT_LOC_STRINGS = YES;
				SWIFT_UPCOMING_FEATURE_MEMBER_IMPORT_VISIBILITY = YES;
				SWIFT_VERSION = 6.0;
				TARGETED_DEVICE_FAMILY = 1;
			};
			name = Debug;
		};
		B41316B12EBB2EEA003DE979 /* Release */ = {
			isa = XCBuildConfiguration;
			buildSettings = {
				ASSETCATALOG_COMPILER_APPICON_NAME = AppIcon;
				ASSETCATALOG_COMPILER_GLOBAL_ACCENT_COLOR_NAME = AccentColor;
				CODE_SIGN_ENTITLEMENTS = HealthKitExport_Experiment/App/HealthKitExport_Experiment.entitlements;
				CODE_SIGN_STYLE = Automatic;
				CURRENT_PROJECT_VERSION = 1;
				DEVELOPMENT_TEAM = 8HM2FV529D;
				ENABLE_PREVIEWS = YES;
				GENERATE_INFOPLIST_FILE = YES;
				INFOPLIST_KEY_NSHealthShareUsageDescription = "This app wants access to your health data";
				INFOPLIST_KEY_NSHealthUpdateUsageDescription = "description health update usage";
				INFOPLIST_KEY_UIApplicationSceneManifest_Generation = YES;
				INFOPLIST_KEY_UIApplicationSupportsIndirectInputEvents = YES;
				INFOPLIST_KEY_UILaunchScreen_Generation = YES;
				INFOPLIST_KEY_UISupportedInterfaceOrientations = UIInterfaceOrientationPortrait;
				INFOPLIST_KEY_UISupportedInterfaceOrientations_iPad = "UIInterfaceOrientationLandscapeLeft UIInterfaceOrientationLandscapeRight UIInterfaceOrientationPortrait UIInterfaceOrientationPortraitUpsideDown";
				IPHONEOS_DEPLOYMENT_TARGET = 18.6;
				LD_RUNPATH_SEARCH_PATHS = (
					"$(inherited)",
					"@executable_path/Frameworks",
				);
				MARKETING_VERSION = 1.0;
				PRODUCT_BUNDLE_IDENTIFIER = "de.liehrit.HealthKitExport-Experiment";
				PRODUCT_NAME = "$(TARGET_NAME)";
				STRING_CATALOG_GENERATE_SYMBOLS = YES;
				SUPPORTED_PLATFORMS = "iphoneos iphonesimulator";
				SUPPORTS_MACCATALYST = NO;
				SUPPORTS_MAC_DESIGNED_FOR_IPHONE_IPAD = NO;
				SUPPORTS_XR_DESIGNED_FOR_IPHONE_IPAD = NO;
				SWIFT_APPROACHABLE_CONCURRENCY = YES;
				SWIFT_DEFAULT_ACTOR_ISOLATION = MainActor;
				SWIFT_EMIT_LOC_STRINGS = YES;
				SWIFT_UPCOMING_FEATURE_MEMBER_IMPORT_VISIBILITY = YES;
				SWIFT_VERSION = 6.0;
				TARGETED_DEVICE_FAMILY = 1;
			};
			name = Release;
		};
		B41316B32EBB2EEA003DE979 /* Debug */ = {
			isa = XCBuildConfiguration;
			buildSettings = {
				BUNDLE_LOADER = "$(TEST_HOST)";
				CODE_SIGN_STYLE = Automatic;
				CURRENT_PROJECT_VERSION = 1;
				DEVELOPMENT_TEAM = 8HM2FV529D;
				GENERATE_INFOPLIST_FILE = YES;
				IPHONEOS_DEPLOYMENT_TARGET = 26.1;
				MARKETING_VERSION = 1.0;
				PRODUCT_BUNDLE_IDENTIFIER = "de.liehrit.HealthKitExport-ExperimentTests";
				PRODUCT_NAME = "$(TARGET_NAME)";
				STRING_CATALOG_GENERATE_SYMBOLS = NO;
				SWIFT_APPROACHABLE_CONCURRENCY = YES;
				SWIFT_EMIT_LOC_STRINGS = NO;
				SWIFT_UPCOMING_FEATURE_MEMBER_IMPORT_VISIBILITY = YES;
				SWIFT_VERSION = 5.0;
				TARGETED_DEVICE_FAMILY = "1,2";
				TEST_HOST = "$(BUILT_PRODUCTS_DIR)/HealthKitExport_Experiment.app/$(BUNDLE_EXECUTABLE_FOLDER_PATH)/HealthKitExport_Experiment";
			};
			name = Debug;
		};
		B41316B42EBB2EEA003DE979 /* Release */ = {
			isa = XCBuildConfiguration;
			buildSettings = {
				BUNDLE_LOADER = "$(TEST_HOST)";
				CODE_SIGN_STYLE = Automatic;
				CURRENT_PROJECT_VERSION = 1;
				DEVELOPMENT_TEAM = 8HM2FV529D;
				GENERATE_INFOPLIST_FILE = YES;
				IPHONEOS_DEPLOYMENT_TARGET = 26.1;
				MARKETING_VERSION = 1.0;
				PRODUCT_BUNDLE_IDENTIFIER = "de.liehrit.HealthKitExport-ExperimentTests";
				PRODUCT_NAME = "$(TARGET_NAME)";
				STRING_CATALOG_GENERATE_SYMBOLS = NO;
				SWIFT_APPROACHABLE_CONCURRENCY = YES;
				SWIFT_EMIT_LOC_STRINGS = NO;
				SWIFT_UPCOMING_FEATURE_MEMBER_IMPORT_VISIBILITY = YES;
				SWIFT_VERSION = 5.0;
				TARGETED_DEVICE_FAMILY = "1,2";
				TEST_HOST = "$(BUILT_PRODUCTS_DIR)/HealthKitExport_Experiment.app/$(BUNDLE_EXECUTABLE_FOLDER_PATH)/HealthKitExport_Experiment";
			};
			name = Release;
		};
		B41316B62EBB2EEA003DE979 /* Debug */ = {
			isa = XCBuildConfiguration;
			buildSettings = {
				CODE_SIGN_STYLE = Automatic;
				CURRENT_PROJECT_VERSION = 1;
				DEVELOPMENT_TEAM = 8HM2FV529D;
				GENERATE_INFOPLIST_FILE = YES;
				MARKETING_VERSION = 1.0;
				PRODUCT_BUNDLE_IDENTIFIER = "de.liehrit.HealthKitExport-ExperimentUITests";
				PRODUCT_NAME = "$(TARGET_NAME)";
				STRING_CATALOG_GENERATE_SYMBOLS = NO;
				SWIFT_APPROACHABLE_CONCURRENCY = YES;
				SWIFT_EMIT_LOC_STRINGS = NO;
				SWIFT_UPCOMING_FEATURE_MEMBER_IMPORT_VISIBILITY = YES;
				SWIFT_VERSION = 5.0;
				TARGETED_DEVICE_FAMILY = "1,2";
				TEST_TARGET_NAME = HealthKitExport_Experiment;
			};
			name = Debug;
		};
		B41316B72EBB2EEA003DE979 /* Release */ = {
			isa = XCBuildConfiguration;
			buildSettings = {
				CODE_SIGN_STYLE = Automatic;
				CURRENT_PROJECT_VERSION = 1;
				DEVELOPMENT_TEAM = 8HM2FV529D;
				GENERATE_INFOPLIST_FILE = YES;
				MARKETING_VERSION = 1.0;
				PRODUCT_BUNDLE_IDENTIFIER = "de.liehrit.HealthKitExport-ExperimentUITests";
				PRODUCT_NAME = "$(TARGET_NAME)";
				STRING_CATALOG_GENERATE_SYMBOLS = NO;
				SWIFT_APPROACHABLE_CONCURRENCY = YES;
				SWIFT_EMIT_LOC_STRINGS = NO;
				SWIFT_UPCOMING_FEATURE_MEMBER_IMPORT_VISIBILITY = YES;
				SWIFT_VERSION = 5.0;
				TARGETED_DEVICE_FAMILY = "1,2";
				TEST_TARGET_NAME = HealthKitExport_Experiment;
			};
			name = Release;
		};
/* End XCBuildConfiguration section */

/* Begin XCConfigurationList section */
		B41316872EBB2EE9003DE979 /* Build configuration list for PBXProject "HealthKitExport_Experiment" */ = {
			isa = XCConfigurationList;
			buildConfigurations = (
				B41316AD2EBB2EEA003DE979 /* Debug */,
				B41316AE2EBB2EEA003DE979 /* Release */,
			);
			defaultConfigurationIsVisible = 0;
			defaultConfigurationName = Release;
		};
		B41316AF2EBB2EEA003DE979 /* Build configuration list for PBXNativeTarget "HealthKitExport_Experiment" */ = {
			isa = XCConfigurationList;
			buildConfigurations = (
				B41316B02EBB2EEA003DE979 /* Debug */,
				B41316B12EBB2EEA003DE979 /* Release */,
			);
			defaultConfigurationIsVisible = 0;
			defaultConfigurationName = Release;
		};
		B41316B22EBB2EEA003DE979 /* Build configuration list for PBXNativeTarget "HealthKitExport_ExperimentTests" */ = {
			isa = XCConfigurationList;
			buildConfigurations = (
				B41316B32EBB2EEA003DE979 /* Debug */,
				B41316B42EBB2EEA003DE979 /* Release */,
			);
			defaultConfigurationIsVisible = 0;
			defaultConfigurationName = Release;
		};
		B41316B52EBB2EEA003DE979 /* Build configuration list for PBXNativeTarget "HealthKitExport_ExperimentUITests" */ = {
			isa = XCConfigurationList;
			buildConfigurations = (
				B41316B62EBB2EEA003DE979 /* Debug */,
				B41316B72EBB2EEA003DE979 /* Release */,
			);
			defaultConfigurationIsVisible = 0;
			defaultConfigurationName = Release;
		};
/* End XCConfigurationList section */

/* Begin XCRemoteSwiftPackageReference section */
		B41316B82EBB2FB2003DE979 /* XCRemoteSwiftPackageReference "SwiftDevTools" */ = {
			isa = XCRemoteSwiftPackageReference;
			repositoryURL = "https://github.com/deliehr/SwiftDevTools";
			requirement = {
				kind = upToNextMajorVersion;
				minimumVersion = 1.0.29;
			};
		};
/* End XCRemoteSwiftPackageReference section */

/* Begin XCSwiftPackageProductDependency section */
		B41316B92EBB2FB2003DE979 /* DevTools */ = {
			isa = XCSwiftPackageProductDependency;
			package = B41316B82EBB2FB2003DE979 /* XCRemoteSwiftPackageReference "SwiftDevTools" */;
			productName = DevTools;
		};
/* End XCSwiftPackageProductDependency section */
	};
	rootObject = B41316842EBB2EE9003DE979 /* Project object */;
}
