{
  "originHash" : "90e5cfb92c59edf7822cb70b4d1d476b634aeb04728d453d5ddd843335112a44",
  "pins" : [
    {
      "identity" : "swiftdevtools",
      "kind" : "remoteSourceControl",
      "location" : "https://github.com/deliehr/SwiftDevTools",
      "state" : {
        "revision" : "c1f716e7308769dcce6f5a91dd21a3c7199ad476",
        "version" : "1.0.30"
      }
    }
  ],
  "version" : 3
}
