{
  "originHash" : "90e5cfb92c59edf7822cb70b4d1d476b634aeb04728d453d5ddd843335112a44",
  "pins" : [
    {
      "identity" : "swiftdevtools",
      "kind" : "remoteSourceControl",
      "location" : "https://github.com/deliehr/SwiftDevTools",
      "state" : {
        "revision" : "2f26a1121de8f6e4adfb3db5c2ea899118df56f6",
        "version" : "1.0.29"
      }
    }
  ],
  "version" : 3
}
